
Microsoft Visual Studio Solution File, Format Version 12.00
# Visual Studio Version 17
VisualStudioVersion = 17.5.33530.505
MinimumVisualStudioVersion = 10.0.40219.1
Project("{FAE04EC0-301F-11D3-BF4B-00C04F79EFBC}") = "Backend_WebMapApplication", "Backend_WebMapApplication\Backend_WebMapApplication.csproj", "{698EFE58-2135-4605-8243-39104DE9F422}"
EndProject
Global
	GlobalSection(SolutionConfigurationPlatforms) = preSolution
		Debug|Any CPU = Debug|Any CPU
		Release|Any CPU = Release|Any CPU
	EndGlobalSection
	GlobalSection(ProjectConfigurationPlatforms) = postSolution
		{698EFE58-2135-4605-8243-39104DE9F422}.Debug|Any CPU.ActiveCfg = Debug|Any CPU
		{698EFE58-2135-4605-8243-39104DE9F422}.Debug|Any CPU.Build.0 = Debug|Any CPU
		{698EFE58-2135-4605-8243-39104DE9F422}.Release|Any CPU.ActiveCfg = Release|Any CPU
		{698EFE58-2135-4605-8243-39104DE9F422}.Release|Any CPU.Build.0 = Release|Any CPU
	EndGlobalSection
	GlobalSection(SolutionProperties) = preSolution
		HideSolutionNode = FALSE
	EndGlobalSection
	GlobalSection(ExtensibilityGlobals) = postSolution
		SolutionGuid = {0AE5F0A0-157E-4D2B-9522-15440351416F}
	EndGlobalSection
EndGlobal
